
Microsoft Visual Studio Solution File, Format Version 12.00
# Visual Studio Version 16
VisualStudioVersion = 16.0.29306.81
MinimumVisualStudioVersion = 10.0.40219.1
Project("{888888A0-9F3D-457C-B088-3A5042F75D52}") = "lallyflask", "lallyflask\lallyflask.pyproj", "{A4190ADE-8BFE-47A3-BD75-7D547A8FF5E4}"
EndProject
Global
	GlobalSection(SolutionConfigurationPlatforms) = preSolution
		Debug|Any CPU = Debug|Any CPU
		Release|Any CPU = Release|Any CPU
	EndGlobalSection
	GlobalSection(ProjectConfigurationPlatforms) = postSolution
		{A4190ADE-8BFE-47A3-BD75-7D547A8FF5E4}.Debug|Any CPU.ActiveCfg = Debug|Any CPU
		{A4190ADE-8BFE-47A3-BD75-7D547A8FF5E4}.Debug|Any CPU.Build.0 = Debug|Any CPU
		{A4190ADE-8BFE-47A3-BD75-7D547A8FF5E4}.Release|Any CPU.ActiveCfg = Release|Any CPU
		{A4190ADE-8BFE-47A3-BD75-7D547A8FF5E4}.Release|Any CPU.Build.0 = Release|Any CPU
	EndGlobalSection
	GlobalSection(SolutionProperties) = preSolution
		HideSolutionNode = FALSE
	EndGlobalSection
	GlobalSection(ExtensibilityGlobals) = postSolution
		SolutionGuid = {94B8BEE6-E877-4531-9C4D-D28857E86891}
	EndGlobalSection
EndGlobal
